
Microsoft Visual Studio Solution File, Format Version 12.00
# Visual Studio Version 17
VisualStudioVersion = 17.1.32421.90
MinimumVisualStudioVersion = 10.0.40219.1
Project("{FAE04EC0-301F-11D3-BF4B-00C04F79EFBC}") = "FutronicSDK.NET", "FrutonicSDK.NET\FutronicSDK.NET.csproj", "{B402036A-7101-47BC-B203-915023358230}"
EndProject
Global
	GlobalSection(SolutionConfigurationPlatforms) = preSolution
		Debug|Any CPU = Debug|Any CPU
		Release|Any CPU = Release|Any CPU
	EndGlobalSection
	GlobalSection(ProjectConfigurationPlatforms) = postSolution
		{B402036A-7101-47BC-B203-915023358230}.Debug|Any CPU.ActiveCfg = Debug|Any CPU
		{B402036A-7101-47BC-B203-915023358230}.Debug|Any CPU.Build.0 = Debug|Any CPU
		{B402036A-7101-47BC-B203-915023358230}.Release|Any CPU.ActiveCfg = Release|Any CPU
		{B402036A-7101-47BC-B203-915023358230}.Release|Any CPU.Build.0 = Release|Any CPU
	EndGlobalSection
	GlobalSection(SolutionProperties) = preSolution
		HideSolutionNode = FALSE
	EndGlobalSection
	GlobalSection(ExtensibilityGlobals) = postSolution
		SolutionGuid = {C224F957-408B-4094-B9DB-60692CDB3752}
	EndGlobalSection
EndGlobal
